
Microsoft Visual Studio Solution File, Format Version 12.00
# Visual Studio Version 16
VisualStudioVersion = 25.0.1705.4
MinimumVisualStudioVersion = 10.0.40219.1
Project("{FAE04EC0-301F-11D3-BF4B-00C04F79EFBC}") = "CoachPlan.Domain", "CoachPlan.Domain\CoachPlan.Domain.csproj", "{D6E09877-E407-474A-9034-C476AF286AE5}"
EndProject
Project("{FAE04EC0-301F-11D3-BF4B-00C04F79EFBC}") = "CoachPlan.Data", "CoachPlan.Data\CoachPlan.Data.csproj", "{D944E274-6242-4D13-BB06-07842ED959B4}"
EndProject
Project("{FAE04EC0-301F-11D3-BF4B-00C04F79EFBC}") = "CoachPlan.Core", "CoachPlan.Core\CoachPlan.Core.csproj", "{29876C85-15A8-4B71-A998-102510942B2D}"
EndProject
Project("{FAE04EC0-301F-11D3-BF4B-00C04F79EFBC}") = "CoachPlan.GraphQL", "CoachPlan.GraphQL\CoachPlan.GraphQL.csproj", "{250B14CC-AE2C-4383-AC7F-E9E1D867883F}"
EndProject
Project("{FAE04EC0-301F-11D3-BF4B-00C04F79EFBC}") = "CoachPlan.Service", "CoachPlan.Service\CoachPlan.Service.csproj", "{BC6CA4C3-9ED3-4464-BA77-B1B8569A11B4}"
EndProject
Global
	GlobalSection(SolutionConfigurationPlatforms) = preSolution
		Debug|Any CPU = Debug|Any CPU
		Release|Any CPU = Release|Any CPU
	EndGlobalSection
	GlobalSection(ProjectConfigurationPlatforms) = postSolution
		{D6E09877-E407-474A-9034-C476AF286AE5}.Debug|Any CPU.ActiveCfg = Debug|Any CPU
		{D6E09877-E407-474A-9034-C476AF286AE5}.Debug|Any CPU.Build.0 = Debug|Any CPU
		{D6E09877-E407-474A-9034-C476AF286AE5}.Release|Any CPU.ActiveCfg = Release|Any CPU
		{D6E09877-E407-474A-9034-C476AF286AE5}.Release|Any CPU.Build.0 = Release|Any CPU
		{D944E274-6242-4D13-BB06-07842ED959B4}.Debug|Any CPU.ActiveCfg = Debug|Any CPU
		{D944E274-6242-4D13-BB06-07842ED959B4}.Debug|Any CPU.Build.0 = Debug|Any CPU
		{D944E274-6242-4D13-BB06-07842ED959B4}.Release|Any CPU.ActiveCfg = Release|Any CPU
		{D944E274-6242-4D13-BB06-07842ED959B4}.Release|Any CPU.Build.0 = Release|Any CPU
		{29876C85-15A8-4B71-A998-102510942B2D}.Debug|Any CPU.ActiveCfg = Debug|Any CPU
		{29876C85-15A8-4B71-A998-102510942B2D}.Debug|Any CPU.Build.0 = Debug|Any CPU
		{29876C85-15A8-4B71-A998-102510942B2D}.Release|Any CPU.ActiveCfg = Release|Any CPU
		{29876C85-15A8-4B71-A998-102510942B2D}.Release|Any CPU.Build.0 = Release|Any CPU
		{250B14CC-AE2C-4383-AC7F-E9E1D867883F}.Debug|Any CPU.ActiveCfg = Debug|Any CPU
		{250B14CC-AE2C-4383-AC7F-E9E1D867883F}.Debug|Any CPU.Build.0 = Debug|Any CPU
		{250B14CC-AE2C-4383-AC7F-E9E1D867883F}.Release|Any CPU.ActiveCfg = Release|Any CPU
		{250B14CC-AE2C-4383-AC7F-E9E1D867883F}.Release|Any CPU.Build.0 = Release|Any CPU
		{BC6CA4C3-9ED3-4464-BA77-B1B8569A11B4}.Debug|Any CPU.ActiveCfg = Debug|Any CPU
		{BC6CA4C3-9ED3-4464-BA77-B1B8569A11B4}.Debug|Any CPU.Build.0 = Debug|Any CPU
		{BC6CA4C3-9ED3-4464-BA77-B1B8569A11B4}.Release|Any CPU.ActiveCfg = Release|Any CPU
		{BC6CA4C3-9ED3-4464-BA77-B1B8569A11B4}.Release|Any CPU.Build.0 = Release|Any CPU
	EndGlobalSection
	GlobalSection(SolutionProperties) = preSolution
		HideSolutionNode = FALSE
	EndGlobalSection
	GlobalSection(ExtensibilityGlobals) = postSolution
		SolutionGuid = {B5650924-6DDB-444D-B76C-E580013AA906}
	EndGlobalSection
EndGlobal
